// !$*UTF8*$!
{
	archiveVersion = 1;
	classes = {
	};
	objectVersion = 50;
	objects = {

/* Begin PBXBuildFile section */
		657916BA23BDD9E600D0862F /* AppDelegate.swift in Sources */ = {isa = PBXBuildFile; fileRef = 657916B923BDD9E600D0862F /* AppDelegate.swift */; };
		657916BC23BDD9E600D0862F /* SceneDelegate.swift in Sources */ = {isa = PBXBuildFile; fileRef = 657916BB23BDD9E600D0862F /* SceneDelegate.swift */; };
		657916BE23BDD9E600D0862F /* ViewController.swift in Sources */ = {isa = PBXBuildFile; fileRef = 657916BD23BDD9E600D0862F /* ViewController.swift */; };
		657916C123BDD9E700D0862F /* Main.storyboard in Resources */ = {isa = PBXBuildFile; fileRef = 657916BF23BDD9E700D0862F /* Main.storyboard */; };
		657916C323BDD9E900D0862F /* Assets.xcassets in Resources */ = {isa = PBXBuildFile; fileRef = 657916C223BDD9E900D0862F /* Assets.xcassets */; };
		657916C623BDD9E900D0862F /* LaunchScreen.storyboard in Resources */ = {isa = PBXBuildFile; fileRef = 657916C423BDD9E900D0862F /* LaunchScreen.storyboard */; };
/* End PBXBuildFile section */

/* Begin PBXFileReference section */
		657916B623BDD9E500D0862F /* AlertProject.app */ = {isa = PBXFileReference; explicitFileType = wrapper.application; includeInIndex = 0; path = AlertProject.app; sourceTree = BUILT_PRODUCTS_DIR; };
		657916B923BDD9E600D0862F /* AppDelegate.swift */ = {isa = PBXFileReference; lastKnownFileType = sourcecode.swift; path = AppDelegate.swift; sourceTree = "<group>"; };
		657916BB23BDD9E600D0862F /* SceneDelegate.swift */ = {isa = PBXFileReference; lastKnownFileType = sourcecode.swift; path = SceneDelegate.swift; sourceTree = "<group>"; };
		657916BD23BDD9E600D0862F /* ViewController.swift */ = {isa = PBXFileReference; lastKnownFileType = sourcecode.swift; path = ViewController.swift; sourceTree = "<group>"; };
		657916C023BDD9E700D0862F /* Base */ = {isa = PBXFileReference; lastKnownFileType = file.storyboard; name = Base; path = Base.lproj/Main.storyboard; sourceTree = "<group>"; };
		657916C223BDD9E900D0862F /* Assets.xcassets */ = {isa = PBXFileReference; lastKnownFileType = folder.assetcatalog; path = Assets.xcassets; sourceTree = "<group>"; };
		657916C523BDD9E900D0862F /* Base */ = {isa = PBXFileReference; lastKnownFileType = file.storyboard; name = Base; path = Base.lproj/LaunchScreen.storyboard; sourceTree = "<group>"; };
		657916C723BDD9EA00D0862F /* Info.plist */ = {isa = PBXFileReference; lastKnownFileType = text.plist.xml; path = Info.plist; sourceTree = "<group>"; };
/* End PBXFileReference section */

/* Begin PBXFrameworksBuildPhase section */
		657916B323BDD9E500D0862F /* Frameworks */ = {
			isa = PBXFrameworksBuildPhase;
			buildActionMask = 2147483647;
			files = (
			);
			runOnlyForDeploymentPostprocessing = 0;
		};
/* End PBXFrameworksBuildPhase section */

/* Begin PBXGroup section */
		657916AD23BDD9E500D0862F = {
			isa = PBXGroup;
			children = (
				657916B823BDD9E500D0862F /* AlertProject */,
				657916B723BDD9E500D0862F /* Products */,
			);
			sourceTree = "<group>";
		};
		657916B723BDD9E500D0862F /* Products */ = {
			isa = PBXGroup;
			children = (
				657916B623BDD9E500D0862F /* AlertProject.app */,
			);
			name = Products;
			sourceTree = "<group>";
		};
		657916B823BDD9E500D0862F /* AlertProject */ = {
			isa = PBXGroup;
			children = (
				657916B923BDD9E600D0862F /* AppDelegate.swift */,
				657916BB23BDD9E600D0862F /* SceneDelegate.swift */,
				657916BD23BDD9E600D0862F /* ViewController.swift */,
				657916BF23BDD9E700D0862F /* Main.storyboard */,
				657916C223BDD9E900D0862F /* Assets.xcassets */,
				657916C423BDD9E900D0862F /* LaunchScreen.storyboard */,
				657916C723BDD9EA00D0862F /* Info.plist */,
			);
			path = AlertProject;
			sourceTree = "<group>";
		};
/* End PBXGroup section */

/* Begin PBXNativeTarget section */
		657916B523BDD9E500D0862F /* AlertProject */ = {
			isa = PBXNativeTarget;
			buildConfigurationList = 657916CA23BDD9EA00D0862F /* Build configuration list for PBXNativeTarget "AlertProject" */;
			buildPhases = (
				657916B223BDD9E500D0862F /* Sources */,
				657916B323BDD9E500D0862F /* Frameworks */,
				657916B423BDD9E500D0862F /* Resources */,
			);
			buildRules = (
			);
			dependencies = (
			);
			name = AlertProject;
			productName = AlertProject;
			productReference = 657916B623BDD9E500D0862F /* AlertProject.app */;
			productType = "com.apple.product-type.application";
		};
/* End PBXNativeTarget section */

/* Begin PBXProject section */
		657916AE23BDD9E500D0862F /* Project object */ = {
			isa = PBXProject;
			attributes = {
				LastSwiftUpdateCheck = 1130;
				LastUpgradeCheck = 1130;
				ORGANIZATIONNAME = "Utku Tarhan";
				TargetAttributes = {
					657916B523BDD9E500D0862F = {
						CreatedOnToolsVersion = 11.3;
					};
				};
			};
			buildConfigurationList = 657916B123BDD9E500D0862F /* Build configuration list for PBXProject "AlertProject" */;
			compatibilityVersion = "Xcode 9.3";
			developmentRegion = en;
			hasScannedForEncodings = 0;
			knownRegions = (
				en,
				Base,
			);
			mainGroup = 657916AD23BDD9E500D0862F;
			productRefGroup = 657916B723BDD9E500D0862F /* Products */;
			projectDirPath = "";
			projectRoot = "";
			targets = (
				657916B523BDD9E500D0862F /* AlertProject */,
			);
		};
/* End PBXProject section */

/* Begin PBXResourcesBuildPhase section */
		657916B423BDD9E500D0862F /* Resources */ = {
			isa = PBXResourcesBuildPhase;
			buildActionMask = 2147483647;
			files = (
				657916C623BDD9E900D0862F /* LaunchScreen.storyboard in Resources */,
				657916C323BDD9E900D0862F /* Assets.xcassets in Resources */,
				657916C123BDD9E700D0862F /* Main.storyboard in Resources */,
			);
			runOnlyForDeploymentPostprocessing = 0;
		};
/* End PBXResourcesBuildPhase section */

/* Begin PBXSourcesBuildPhase section */
		657916B223BDD9E500D0862F /* Sources */ = {
			isa = PBXSourcesBuildPhase;
			buildActionMask = 2147483647;
			files = (
				657916BE23BDD9E600D0862F /* ViewController.swift in Sources */,
				657916BA23BDD9E600D0862F /* AppDelegate.swift in Sources */,
				657916BC23BDD9E600D0862F /* SceneDelegate.swift in Sources */,
			);
			runOnlyForDeploymentPostprocessing = 0;
		};
/* End PBXSourcesBuildPhase section */

/* Begin PBXVariantGroup section */
		657916BF23BDD9E700D0862F /* Main.storyboard */ = {
			isa = PBXVariantGroup;
			children = (
				657916C023BDD9E700D0862F /* Base */,
			);
			name = Main.storyboard;
			sourceTree = "<group>";
		};
		657916C423BDD9E900D0862F /* LaunchScreen.storyboard */ = {
			isa = PBXVariantGroup;
			children = (
				657916C523BDD9E900D0862F /* Base */,
			);
			name = LaunchScreen.storyboard;
			sourceTree = "<group>";
		};
/* End PBXVariantGroup section */

/* Begin XCBuildConfiguration section */
		657916C823BDD9EA00D0862F /* Debug */ = {
			isa = XCBuildConfiguration;
			buildSettings = {
				ALWAYS_SEARCH_USER_PATHS = NO;
				CLANG_ANALYZER_NONNULL = YES;
				CLANG_ANALYZER_NUMBER_OBJECT_CONVERSION = YES_AGGRESSIVE;
				CLANG_CXX_LANGUAGE_STANDARD = "gnu++14";
				CLANG_CXX_LIBRARY = "libc++";
				CLANG_ENABLE_MODULES = YES;
				CLANG_ENABLE_OBJC_ARC = YES;
				CLANG_ENABLE_OBJC_WEAK = YES;
				CLANG_WARN_BLOCK_CAPTURE_AUTORELEASING = YES;
				CLANG_WARN_BOOL_CONVERSION = YES;
				CLANG_WARN_COMMA = YES;
				CLANG_WARN_CONSTANT_CONVERSION = YES;
				CLANG_WARN_DEPRECATED_OBJC_IMPLEMENTATIONS = YES;
				CLANG_WARN_DIRECT_OBJC_ISA_USAGE = YES_ERROR;
				CLANG_WARN_DOCUMENTATION_COMMENTS = YES;
				CLANG_WARN_EMPTY_BODY = YES;
				CLANG_WARN_ENUM_CONVERSION = YES;
				CLANG_WARN_INFINITE_RECURSION = YES;
				CLANG_WARN_INT_CONVERSION = YES;
				CLANG_WARN_NON_LITERAL_NULL_CONVERSION = YES;
				CLANG_WARN_OBJC_IMPLICIT_RETAIN_SELF = YES;
				CLANG_WARN_OBJC_LITERAL_CONVERSION = YES;
				CLANG_WARN_OBJC_ROOT_CLASS = YES_ERROR;
				CLANG_WARN_RANGE_LOOP_ANALYSIS = YES;
				CLANG_WARN_STRICT_PROTOTYPES = YES;
				CLANG_WARN_SUSPICIOUS_MOVE = YES;
				CLANG_WARN_UNGUARDED_AVAILABILITY = YES_AGGRESSIVE;
				CLANG_WARN_UNREACHABLE_CODE = YES;
				CLANG_WARN__DUPLICATE_METHOD_MATCH = YES;
				COPY_PHASE_STRIP = NO;
				DEBUG_INFORMATION_FORMAT = dwarf;
				ENABLE_STRICT_OBJC_MSGSEND = YES;
				ENABLE_TESTABILITY = YES;
				GCC_C_LANGUAGE_STANDARD = gnu11;
				GCC_DYNAMIC_NO_PIC = NO;
				GCC_NO_COMMON_BLOCKS = YES;
				GCC_OPTIMIZATION_LEVEL = 0;
				GCC_PREPROCESSOR_DEFINITIONS = (
					"DEBUG=1",
					"$(inherited)",
				);
				GCC_WARN_64_TO_32_BIT_CONVERSION = YES;
				GCC_WARN_ABOUT_RETURN_TYPE = YES_ERROR;
				GCC_WARN_UNDECLARED_SELECTOR = YES;
				GCC_WARN_UNINITIALIZED_AUTOS = YES_AGGRESSIVE;
				GCC_WARN_UNUSED_FUNCTION = YES;
				GCC_WARN_UNUSED_VARIABLE = YES;
				IPHONEOS_DEPLOYMENT_TARGET = 13.2;
				MTL_ENABLE_DEBUG_INFO = INCLUDE_SOURCE;
				MTL_FAST_MATH = YES;
				ONLY_ACTIVE_ARCH = YES;
				SDKROOT = iphoneos;
				SWIFT_ACTIVE_COMPILATION_CONDITIONS = DEBUG;
				SWIFT_OPTIMIZATION_LEVEL = "-Onone";
			};
			name = Debug;
		};
		657916C923BDD9EA00D0862F /* Release */ = {
			isa = XCBuildConfiguration;
			buildSettings = {
				ALWAYS_SEARCH_USER_PATHS = NO;
				CLANG_ANALYZER_NONNULL = YES;
				CLANG_ANALYZER_NUMBER_OBJECT_CONVERSION = YES_AGGRESSIVE;
				CLANG_CXX_LANGUAGE_STANDARD = "gnu++14";
				CLANG_CXX_LIBRARY = "libc++";
				CLANG_ENABLE_MODULES = YES;
				CLANG_ENABLE_OBJC_ARC = YES;
				CLANG_ENABLE_OBJC_WEAK = YES;
				CLANG_WARN_BLOCK_CAPTURE_AUTORELEASING = YES;
				CLANG_WARN_BOOL_CONVERSION = YES;
				CLANG_WARN_COMMA = YES;
				CLANG_WARN_CONSTANT_CONVERSION = YES;
				CLANG_WARN_DEPRECATED_OBJC_IMPLEMENTATIONS = YES;
				CLANG_WARN_DIRECT_OBJC_ISA_USAGE = YES_ERROR;
				CLANG_WARN_DOCUMENTATION_COMMENTS = YES;
				CLANG_WARN_EMPTY_BODY = YES;
				CLANG_WARN_ENUM_CONVERSION = YES;
				CLANG_WARN_INFINITE_RECURSION = YES;
				CLANG_WARN_INT_CONVERSION = YES;
				CLANG_WARN_NON_LITERAL_NULL_CONVERSION = YES;
				CLANG_WARN_OBJC_IMPLICIT_RETAIN_SELF = YES;
				CLANG_WARN_OBJC_LITERAL_CONVERSION = YES;
				CLANG_WARN_OBJC_ROOT_CLASS = YES_ERROR;
				CLANG_WARN_RANGE_LOOP_ANALYSIS = YES;
				CLANG_WARN_STRICT_PROTOTYPES = YES;
				CLANG_WARN_SUSPICIOUS_MOVE = YES;
				CLANG_WARN_UNGUARDED_AVAILABILITY = YES_AGGRESSIVE;
				CLANG_WARN_UNREACHABLE_CODE = YES;
				CLANG_WARN__DUPLICATE_METHOD_MATCH = YES;
				COPY_PHASE_STRIP = NO;
				DEBUG_INFORMATION_FORMAT = "dwarf-with-dsym";
				ENABLE_NS_ASSERTIONS = NO;
				ENABLE_STRICT_OBJC_MSGSEND = YES;
				GCC_C_LANGUAGE_STANDARD = gnu11;
				GCC_NO_COMMON_BLOCKS = YES;
				GCC_WARN_64_TO_32_BIT_CONVERSION = YES;
				GCC_WARN_ABOUT_RETURN_TYPE = YES_ERROR;
				GCC_WARN_UNDECLARED_SELECTOR = YES;
				GCC_WARN_UNINITIALIZED_AUTOS = YES_AGGRESSIVE;
				GCC_WARN_UNUSED_FUNCTION = YES;
				GCC_WARN_UNUSED_VARIABLE = YES;
				IPHONEOS_DEPLOYMENT_TARGET = 13.2;
				MTL_ENABLE_DEBUG_INFO = NO;
				MTL_FAST_MATH = YES;
				SDKROOT = iphoneos;
				SWIFT_COMPILATION_MODE = wholemodule;
				SWIFT_OPTIMIZATION_LEVEL = "-O";
				VALIDATE_PRODUCT = YES;
			};
			name = Release;
		};
		657916CB23BDD9EA00D0862F /* Debug */ = {
			isa = XCBuildConfiguration;
			buildSettings = {
				ASSETCATALOG_COMPILER_APPICON_NAME = AppIcon;
				CODE_SIGN_STYLE = Automatic;
				DEVELOPMENT_TEAM = Z69FXP23VB;
				INFOPLIST_FILE = AlertProject/Info.plist;
				LD_RUNPATH_SEARCH_PATHS = (
					"$(inherited)",
					"@executable_path/Frameworks",
				);
				PRODUCT_BUNDLE_IDENTIFIER = com.utkutarhan.AlertProject;
				PRODUCT_NAME = "$(TARGET_NAME)";
				SWIFT_VERSION = 5.0;
				TARGETED_DEVICE_FAMILY = "1,2";
			};
			name = Debug;
		};
		657916CC23BDD9EA00D0862F /* Release */ = {
			isa = XCBuildConfiguration;
			buildSettings = {
				ASSETCATALOG_COMPILER_APPICON_NAME = AppIcon;
				CODE_SIGN_STYLE = Automatic;
				DEVELOPMENT_TEAM = Z69FXP23VB;
				INFOPLIST_FILE = AlertProject/Info.plist;
				LD_RUNPATH_SEARCH_PATHS = (
					"$(inherited)",
					"@executable_path/Frameworks",
				);
				PRODUCT_BUNDLE_IDENTIFIER = com.utkutarhan.AlertProject;
				PRODUCT_NAME = "$(TARGET_NAME)";
				SWIFT_VERSION = 5.0;
				TARGETED_DEVICE_FAMILY = "1,2";
			};
			name = Release;
		};
/* End XCBuildConfiguration section */

/* Begin XCConfigurationList section */
		657916B123BDD9E500D0862F /* Build configuration list for PBXProject "AlertProject" */ = {
			isa = XCConfigurationList;
			buildConfigurations = (
				657916C823BDD9EA00D0862F /* Debug */,
				657916C923BDD9EA00D0862F /* Release */,
			);
			defaultConfigurationIsVisible = 0;
			defaultConfigurationName = Release;
		};
		657916CA23BDD9EA00D0862F /* Build configuration list for PBXNativeTarget "AlertProject" */ = {
			isa = XCConfigurationList;
			buildConfigurations = (
				657916CB23BDD9EA00D0862F /* Debug */,
				657916CC23BDD9EA00D0862F /* Release */,
			);
			defaultConfigurationIsVisible = 0;
			defaultConfigurationName = Release;
		};
/* End XCConfigurationList section */
	};
	rootObject = 657916AE23BDD9E500D0862F /* Project object */;
}
